// !$*UTF8*$!
{
	archiveVersion = 1;
	classes = {
	};
	objectVersion = 77;
	objects = {

/* Begin PBXContainerItemProxy section */
		9B2F80CE2F28DFBF008DD79D /* PBXContainerItemProxy */ = {
			isa = PBXContainerItemProxy;
			containerPortal = 9B2F80B72F28DFBD008DD79D /* Project object */;
			proxyType = 1;
			remoteGlobalIDString = 9B2F80BE2F28DFBD008DD79D;
			remoteInfo = Tabia;
		};
		9B2F80D82F28DFBF008DD79D /* PBXContainerItemProxy */ = {
			isa = PBXContainerItemProxy;
			containerPortal = 9B2F80B72F28DFBD008DD79D /* Project object */;
			proxyType = 1;
			remoteGlobalIDString = 9B2F80BE2F28DFBD008DD79D;
			remoteInfo = Tabia;
		};
/* End PBXContainerItemProxy section */

/* Begin PBXFileReference section */
		9B2F80BF2F28DFBD008DD79D /* Tabia.app */ = {isa = PBXFileReference; explicitFileType = wrapper.application; includeInIndex = 0; path = "Tabia.app"; sourceTree = BUILT_PRODUCTS_DIR; };
		9B2F80CD2F28DFBF008DD79D /* TabiaTests.xctest */ = {isa = PBXFileReference; explicitFileType = wrapper.cfbundle; includeInIndex = 0; path = "TabiaTests.xctest"; sourceTree = BUILT_PRODUCTS_DIR; };
		9B2F80D72F28DFBF008DD79D /* TabiaUITests.xctest */ = {isa = PBXFileReference; explicitFileType = wrapper.cfbundle; includeInIndex = 0; path = "TabiaUITests.xctest"; sourceTree = BUILT_PRODUCTS_DIR; };
/* End PBXFileReference section */

/* Begin PBXFileSystemSynchronizedRootGroup section */
		9B2F80C12F28DFBD008DD79D /* Tabia */ = {
			isa = PBXFileSystemSynchronizedRootGroup;
			path = "Tabia";
			sourceTree = "<group>";
		};
		9B2F80D02F28DFBF008DD79D /* TabiaTests */ = {
			isa = PBXFileSystemSynchronizedRootGroup;
			path = "TabiaTests";
			sourceTree = "<group>";
		};
		9B2F80DA2F28DFBF008DD79D /* TabiaUITests */ = {
			isa = PBXFileSystemSynchronizedRootGroup;
			path = "TabiaUITests";
			sourceTree = "<group>";
		};
/* End PBXFileSystemSynchronizedRootGroup section */

/* Begin PBXFrameworksBuildPhase section */
		9B2F80BC2F28DFBD008DD79D /* Frameworks */ = {
			isa = PBXFrameworksBuildPhase;
			buildActionMask = 2147483647;
			files = (
			);
			runOnlyForDeploymentPostprocessing = 0;
		};
		9B2F80CA2F28DFBF008DD79D /* Frameworks */ = {
			isa = PBXFrameworksBuildPhase;
			buildActionMask = 2147483647;
			files = (
			);
			runOnlyForDeploymentPostprocessing = 0;
		};
		9B2F80D42F28DFBF008DD79D /* Frameworks */ = {
			isa = PBXFrameworksBuildPhase;
			buildActionMask = 2147483647;
			files = (
			);
			runOnlyForDeploymentPostprocessing = 0;
		};
/* End PBXFrameworksBuildPhase section */

/* Begin PBXGroup section */
		9B2F80B62F28DFBD008DD79D = {
			isa = PBXGroup;
			children = (
				9B2F80C12F28DFBD008DD79D /* Tabia */,
				9B2F80D02F28DFBF008DD79D /* TabiaTests */,
				9B2F80DA2F28DFBF008DD79D /* TabiaUITests */,
				9B2F80C02F28DFBD008DD79D /* Products */,
			);
			sourceTree = "<group>";
		};
		9B2F80C02F28DFBD008DD79D /* Products */ = {
			isa = PBXGroup;
			children = (
				9B2F80BF2F28DFBD008DD79D /* Tabia.app */,
				9B2F80CD2F28DFBF008DD79D /* TabiaTests.xctest */,
				9B2F80D72F28DFBF008DD79D /* TabiaUITests.xctest */,
			);
			name = Products;
			sourceTree = "<group>";
		};
/* End PBXGroup section */

/* Begin PBXNativeTarget section */
		9B2F80BE2F28DFBD008DD79D /* Tabia */ = {
			isa = PBXNativeTarget;
			buildConfigurationList = 9B2F80E12F28DFBF008DD79D /* Build configuration list for PBXNativeTarget "Tabia" */;
			buildPhases = (
				9B2F80BB2F28DFBD008DD79D /* Sources */,
				9B2F80BC2F28DFBD008DD79D /* Frameworks */,
				9B2F80BD2F28DFBD008DD79D /* Resources */,
			);
			buildRules = (
			);
			dependencies = (
			);
			fileSystemSynchronizedGroups = (
				9B2F80C12F28DFBD008DD79D /* Tabia */,
			);
			name = Tabia;
			packageProductDependencies = (
				9B2F80F12F28F000008DD79D /* onnxruntime */,
				FE0000000000000000000A02 /* Sparkle */,
			);
			productName = Tabia;
			productReference = 9B2F80BF2F28DFBD008DD79D /* Tabia.app */;
			productType = "com.apple.product-type.application";
		};
		9B2F80CC2F28DFBF008DD79D /* TabiaTests */ = {
			isa = PBXNativeTarget;
			buildConfigurationList = 9B2F80E42F28DFBF008DD79D /* Build configuration list for PBXNativeTarget "TabiaTests" */;
			buildPhases = (
				9B2F80C92F28DFBF008DD79D /* Sources */,
				9B2F80CA2F28DFBF008DD79D /* Frameworks */,
				9B2F80CB2F28DFBF008DD79D /* Resources */,
			);
			buildRules = (
			);
			dependencies = (
				9B2F80CF2F28DFBF008DD79D /* PBXTargetDependency */,
			);
			fileSystemSynchronizedGroups = (
				9B2F80D02F28DFBF008DD79D /* TabiaTests */,
			);
			name = TabiaTests;
			packageProductDependencies = (
			);
			productName = TabiaTests;
			productReference = 9B2F80CD2F28DFBF008DD79D /* TabiaTests.xctest */;
			productType = "com.apple.product-type.bundle.unit-test";
		};
		9B2F80D62F28DFBF008DD79D /* TabiaUITests */ = {
			isa = PBXNativeTarget;
			buildConfigurationList = 9B2F80E72F28DFBF008DD79D /* Build configuration list for PBXNativeTarget "TabiaUITests" */;
			buildPhases = (
				9B2F80D32F28DFBF008DD79D /* Sources */,
				9B2F80D42F28DFBF008DD79D /* Frameworks */,
				9B2F80D52F28DFBF008DD79D /* Resources */,
			);
			buildRules = (
			);
			dependencies = (
				9B2F80D92F28DFBF008DD79D /* PBXTargetDependency */,
			);
			fileSystemSynchronizedGroups = (
				9B2F80DA2F28DFBF008DD79D /* TabiaUITests */,
			);
			name = TabiaUITests;
			packageProductDependencies = (
			);
			productName = TabiaUITests;
			productReference = 9B2F80D72F28DFBF008DD79D /* TabiaUITests.xctest */;
			productType = "com.apple.product-type.bundle.ui-testing";
		};
/* End PBXNativeTarget section */

/* Begin PBXProject section */
		9B2F80B72F28DFBD008DD79D /* Project object */ = {
			isa = PBXProject;
			attributes = {
				BuildIndependentTargetsInParallel = 1;
				LastSwiftUpdateCheck = 1640;
				LastUpgradeCheck = 1640;
				TargetAttributes = {
					9B2F80BE2F28DFBD008DD79D = {
						CreatedOnToolsVersion = 16.4;
					};
					9B2F80CC2F28DFBF008DD79D = {
						CreatedOnToolsVersion = 16.4;
						TestTargetID = 9B2F80BE2F28DFBD008DD79D;
					};
					9B2F80D62F28DFBF008DD79D = {
						CreatedOnToolsVersion = 16.4;
						TestTargetID = 9B2F80BE2F28DFBD008DD79D;
					};
				};
			};
			buildConfigurationList = 9B2F80BA2F28DFBD008DD79D /* Build configuration list for PBXProject "Tabia" */;
			developmentRegion = en;
			hasScannedForEncodings = 0;
			knownRegions = (
				en,
				Base,
			);
			mainGroup = 9B2F80B62F28DFBD008DD79D;
			minimizedProjectReferenceProxies = 1;
			packageReferences = (
				9B2F80F02F28F000008DD79D /* XCRemoteSwiftPackageReference "onnxruntime-swift-package-manager" */,
				FE0000000000000000000A01 /* XCRemoteSwiftPackageReference "Sparkle" */,
			);
			preferredProjectObjectVersion = 77;
			productRefGroup = 9B2F80C02F28DFBD008DD79D /* Products */;
			projectDirPath = "";
			projectRoot = "";
			targets = (
				9B2F80BE2F28DFBD008DD79D /* Tabia */,
				9B2F80CC2F28DFBF008DD79D /* TabiaTests */,
				9B2F80D62F28DFBF008DD79D /* TabiaUITests */,
			);
		};
/* End PBXProject section */

/* Begin PBXResourcesBuildPhase section */
		9B2F80BD2F28DFBD008DD79D /* Resources */ = {
			isa = PBXResourcesBuildPhase;
			buildActionMask = 2147483647;
			files = (
			);
			runOnlyForDeploymentPostprocessing = 0;
		};
		9B2F80CB2F28DFBF008DD79D /* Resources */ = {
			isa = PBXResourcesBuildPhase;
			buildActionMask = 2147483647;
			files = (
			);
			runOnlyForDeploymentPostprocessing = 0;
		};
		9B2F80D52F28DFBF008DD79D /* Resources */ = {
			isa = PBXResourcesBuildPhase;
			buildActionMask = 2147483647;
			files = (
			);
			runOnlyForDeploymentPostprocessing = 0;
		};
/* End PBXResourcesBuildPhase section */

/* Begin PBXSourcesBuildPhase section */
		9B2F80BB2F28DFBD008DD79D /* Sources */ = {
			isa = PBXSourcesBuildPhase;
			buildActionMask = 2147483647;
			files = (
			);
			runOnlyForDeploymentPostprocessing = 0;
		};
		9B2F80C92F28DFBF008DD79D /* Sources */ = {
			isa = PBXSourcesBuildPhase;
			buildActionMask = 2147483647;
			files = (
			);
			runOnlyForDeploymentPostprocessing = 0;
		};
		9B2F80D32F28DFBF008DD79D /* Sources */ = {
			isa = PBXSourcesBuildPhase;
			buildActionMask = 2147483647;
			files = (
			);
			runOnlyForDeploymentPostprocessing = 0;
		};
/* End PBXSourcesBuildPhase section */

/* Begin PBXTargetDependency section */
		9B2F80CF2F28DFBF008DD79D /* PBXTargetDependency */ = {
			isa = PBXTargetDependency;
			target = 9B2F80BE2F28DFBD008DD79D /* Tabia */;
			targetProxy = 9B2F80CE2F28DFBF008DD79D /* PBXContainerItemProxy */;
		};
		9B2F80D92F28DFBF008DD79D /* PBXTargetDependency */ = {
			isa = PBXTargetDependency;
			target = 9B2F80BE2F28DFBD008DD79D /* Tabia */;
			targetProxy = 9B2F80D82F28DFBF008DD79D /* PBXContainerItemProxy */;
		};
/* End PBXTargetDependency section */

/* Begin XCBuildConfiguration section */
		9B2F80DF2F28DFBF008DD79D /* Debug */ = {
			isa = XCBuildConfiguration;
			buildSettings = {
				ALWAYS_SEARCH_USER_PATHS = NO;
				ASSETCATALOG_COMPILER_GENERATE_SWIFT_ASSET_SYMBOL_EXTENSIONS = YES;
				CLANG_ANALYZER_NONNULL = YES;
				CLANG_ANALYZER_NUMBER_OBJECT_CONVERSION = YES_AGGRESSIVE;
				CLANG_CXX_LANGUAGE_STANDARD = "gnu++20";
				CLANG_ENABLE_MODULES = YES;
				CLANG_ENABLE_OBJC_ARC = YES;
				CLANG_ENABLE_OBJC_WEAK = YES;
				CLANG_WARN_BLOCK_CAPTURE_AUTORELEASING = YES;
				CLANG_WARN_BOOL_CONVERSION = YES;
				CLANG_WARN_COMMA = YES;
				CLANG_WARN_CONSTANT_CONVERSION = YES;
				CLANG_WARN_DEPRECATED_OBJC_IMPLEMENTATIONS = YES;
				CLANG_WARN_DIRECT_OBJC_ISA_USAGE = YES_ERROR;
				CLANG_WARN_DOCUMENTATION_COMMENTS = YES;
				CLANG_WARN_EMPTY_BODY = YES;
				CLANG_WARN_ENUM_CONVERSION = YES;
				CLANG_WARN_INFINITE_RECURSION = YES;
				CLANG_WARN_INT_CONVERSION = YES;
				CLANG_WARN_NON_LITERAL_NULL_CONVERSION = YES;
				CLANG_WARN_OBJC_IMPLICIT_RETAIN_SELF = YES;
				CLANG_WARN_OBJC_LITERAL_CONVERSION = YES;
				CLANG_WARN_OBJC_ROOT_CLASS = YES_ERROR;
				CLANG_WARN_QUOTED_INCLUDE_IN_FRAMEWORK_HEADER = YES;
				CLANG_WARN_RANGE_LOOP_ANALYSIS = YES;
				CLANG_WARN_STRICT_PROTOTYPES = YES;
				CLANG_WARN_SUSPICIOUS_MOVE = YES;
				CLANG_WARN_UNGUARDED_AVAILABILITY = YES_AGGRESSIVE;
				CLANG_WARN_UNREACHABLE_CODE = YES;
				CLANG_WARN__DUPLICATE_METHOD_MATCH = YES;
				COPY_PHASE_STRIP = NO;
				DEBUG_INFORMATION_FORMAT = dwarf;
				DEVELOPMENT_TEAM = 4NRG5R2K23;
				ENABLE_STRICT_OBJC_MSGSEND = YES;
				ENABLE_TESTABILITY = YES;
				ENABLE_USER_SCRIPT_SANDBOXING = YES;
				GCC_C_LANGUAGE_STANDARD = gnu17;
				GCC_DYNAMIC_NO_PIC = NO;
				GCC_NO_COMMON_BLOCKS = YES;
				GCC_OPTIMIZATION_LEVEL = 0;
				GCC_PREPROCESSOR_DEFINITIONS = (
					"DEBUG=1",
					"$(inherited)",
				);
				GCC_WARN_64_TO_32_BIT_CONVERSION = YES;
				GCC_WARN_ABOUT_RETURN_TYPE = YES_ERROR;
				GCC_WARN_UNDECLARED_SELECTOR = YES;
				GCC_WARN_UNINITIALIZED_AUTOS = YES_AGGRESSIVE;
				GCC_WARN_UNUSED_FUNCTION = YES;
				GCC_WARN_UNUSED_VARIABLE = YES;
				LOCALIZATION_PREFERS_STRING_CATALOGS = YES;
				MACOSX_DEPLOYMENT_TARGET = 15.5;
				MTL_ENABLE_DEBUG_INFO = INCLUDE_SOURCE;
				MTL_FAST_MATH = YES;
				ONLY_ACTIVE_ARCH = YES;
				SDKROOT = macosx;
				SWIFT_ACTIVE_COMPILATION_CONDITIONS = "DEBUG $(inherited)";
				SWIFT_OPTIMIZATION_LEVEL = "-Onone";
			};
			name = Debug;
		};
		9B2F80E02F28DFBF008DD79D /* Release */ = {
			isa = XCBuildConfiguration;
			buildSettings = {
				ALWAYS_SEARCH_USER_PATHS = NO;
				ASSETCATALOG_COMPILER_GENERATE_SWIFT_ASSET_SYMBOL_EXTENSIONS = YES;
				CLANG_ANALYZER_NONNULL = YES;
				CLANG_ANALYZER_NUMBER_OBJECT_CONVERSION = YES_AGGRESSIVE;
				CLANG_CXX_LANGUAGE_STANDARD = "gnu++20";
				CLANG_ENABLE_MODULES = YES;
				CLANG_ENABLE_OBJC_ARC = YES;
				CLANG_ENABLE_OBJC_WEAK = YES;
				CLANG_WARN_BLOCK_CAPTURE_AUTORELEASING = YES;
				CLANG_WARN_BOOL_CONVERSION = YES;
				CLANG_WARN_COMMA = YES;
				CLANG_WARN_CONSTANT_CONVERSION = YES;
				CLANG_WARN_DEPRECATED_OBJC_IMPLEMENTATIONS = YES;
				CLANG_WARN_DIRECT_OBJC_ISA_USAGE = YES_ERROR;
				CLANG_WARN_DOCUMENTATION_COMMENTS = YES;
				CLANG_WARN_EMPTY_BODY = YES;
				CLANG_WARN_ENUM_CONVERSION = YES;
				CLANG_WARN_INFINITE_RECURSION = YES;
				CLANG_WARN_INT_CONVERSION = YES;
				CLANG_WARN_NON_LITERAL_NULL_CONVERSION = YES;
				CLANG_WARN_OBJC_IMPLICIT_RETAIN_SELF = YES;
				CLANG_WARN_OBJC_LITERAL_CONVERSION = YES;
				CLANG_WARN_OBJC_ROOT_CLASS = YES_ERROR;
				CLANG_WARN_QUOTED_INCLUDE_IN_FRAMEWORK_HEADER = YES;
				CLANG_WARN_RANGE_LOOP_ANALYSIS = YES;
				CLANG_WARN_STRICT_PROTOTYPES = YES;
				CLANG_WARN_SUSPICIOUS_MOVE = YES;
				CLANG_WARN_UNGUARDED_AVAILABILITY = YES_AGGRESSIVE;
				CLANG_WARN_UNREACHABLE_CODE = YES;
				CLANG_WARN__DUPLICATE_METHOD_MATCH = YES;
				COPY_PHASE_STRIP = NO;
				DEBUG_INFORMATION_FORMAT = "dwarf-with-dsym";
				DEVELOPMENT_TEAM = 4NRG5R2K23;
				ENABLE_NS_ASSERTIONS = NO;
				ENABLE_STRICT_OBJC_MSGSEND = YES;
				ENABLE_USER_SCRIPT_SANDBOXING = YES;
				GCC_C_LANGUAGE_STANDARD = gnu17;
				GCC_NO_COMMON_BLOCKS = YES;
				GCC_WARN_64_TO_32_BIT_CONVERSION = YES;
				GCC_WARN_ABOUT_RETURN_TYPE = YES_ERROR;
				GCC_WARN_UNDECLARED_SELECTOR = YES;
				GCC_WARN_UNINITIALIZED_AUTOS = YES_AGGRESSIVE;
				GCC_WARN_UNUSED_FUNCTION = YES;
				GCC_WARN_UNUSED_VARIABLE = YES;
				LOCALIZATION_PREFERS_STRING_CATALOGS = YES;
				MACOSX_DEPLOYMENT_TARGET = 15.5;
				MTL_ENABLE_DEBUG_INFO = NO;
				MTL_FAST_MATH = YES;
				SDKROOT = macosx;
				SWIFT_COMPILATION_MODE = wholemodule;
			};
			name = Release;
		};
		9B2F80E22F28DFBF008DD79D /* Debug */ = {
			isa = XCBuildConfiguration;
			buildSettings = {
				ASSETCATALOG_COMPILER_APPICON_NAME = AppIcon;
				ASSETCATALOG_COMPILER_GLOBAL_ACCENT_COLOR_NAME = AccentColor;
				CODE_SIGN_ENTITLEMENTS = "Tabia/Tabia.entitlements";
				CODE_SIGN_IDENTITY = "-";
				CODE_SIGN_STYLE = Manual;
				COMBINE_HIDPI_IMAGES = YES;
				CURRENT_PROJECT_VERSION = 1;
				DEVELOPMENT_TEAM = 4NRG5R2K23;
				ENABLE_HARDENED_RUNTIME = YES;
				ENABLE_PREVIEWS = YES;
				GENERATE_INFOPLIST_FILE = YES;
				INFOPLIST_FILE = "Tabia/Info.plist";
				INFOPLIST_KEY_NSHumanReadableCopyright = "";
				LD_RUNPATH_SEARCH_PATHS = (
					"$(inherited)",
					"@executable_path/../Frameworks",
				);
				MARKETING_VERSION = 1.0;
				PRODUCT_BUNDLE_IDENTIFIER = "com.ogulcan.Tabia";
				PRODUCT_NAME = "$(TARGET_NAME)";
				REGISTER_APP_GROUPS = YES;
				SWIFT_EMIT_LOC_STRINGS = YES;
				SWIFT_VERSION = 5.0;
			};
			name = Debug;
		};
		9B2F80E32F28DFBF008DD79D /* Release */ = {
			isa = XCBuildConfiguration;
			buildSettings = {
				ASSETCATALOG_COMPILER_APPICON_NAME = AppIcon;
				ASSETCATALOG_COMPILER_GLOBAL_ACCENT_COLOR_NAME = AccentColor;
				CODE_SIGN_ENTITLEMENTS = "Tabia/Tabia.entitlements";
				CODE_SIGN_IDENTITY = "Developer ID Application";
				CODE_SIGN_STYLE = Manual;
				COMBINE_HIDPI_IMAGES = YES;
				CURRENT_PROJECT_VERSION = 1;
				DEVELOPMENT_TEAM = 4NRG5R2K23;
				ENABLE_HARDENED_RUNTIME = YES;
				ENABLE_PREVIEWS = YES;
				GENERATE_INFOPLIST_FILE = YES;
				INFOPLIST_FILE = "Tabia/Info.plist";
				INFOPLIST_KEY_NSHumanReadableCopyright = "";
				LD_RUNPATH_SEARCH_PATHS = (
					"$(inherited)",
					"@executable_path/../Frameworks",
				);
				MARKETING_VERSION = 1.0;
				PRODUCT_BUNDLE_IDENTIFIER = "com.ogulcan.Tabia";
				PRODUCT_NAME = "$(TARGET_NAME)";
				REGISTER_APP_GROUPS = YES;
				SWIFT_EMIT_LOC_STRINGS = YES;
				SWIFT_VERSION = 5.0;
			};
			name = Release;
		};
		9B2F80E52F28DFBF008DD79D /* Debug */ = {
			isa = XCBuildConfiguration;
			buildSettings = {
				BUNDLE_LOADER = "$(TEST_HOST)";
				CODE_SIGN_STYLE = Automatic;
				CURRENT_PROJECT_VERSION = 1;
				DEVELOPMENT_TEAM = 4NRG5R2K23;
				GENERATE_INFOPLIST_FILE = YES;
				MACOSX_DEPLOYMENT_TARGET = 15.5;
				MARKETING_VERSION = 1.0;
				PRODUCT_BUNDLE_IDENTIFIER = "com.ogulcan.TabiaTests";
				PRODUCT_NAME = "$(TARGET_NAME)";
				SWIFT_EMIT_LOC_STRINGS = NO;
				SWIFT_VERSION = 5.0;
				TEST_HOST = "$(BUILT_PRODUCTS_DIR)/Tabia.app/$(BUNDLE_EXECUTABLE_FOLDER_PATH)/Tabia";
			};
			name = Debug;
		};
		9B2F80E62F28DFBF008DD79D /* Release */ = {
			isa = XCBuildConfiguration;
			buildSettings = {
				BUNDLE_LOADER = "$(TEST_HOST)";
				CODE_SIGN_STYLE = Automatic;
				CURRENT_PROJECT_VERSION = 1;
				DEVELOPMENT_TEAM = 4NRG5R2K23;
				GENERATE_INFOPLIST_FILE = YES;
				MACOSX_DEPLOYMENT_TARGET = 15.5;
				MARKETING_VERSION = 1.0;
				PRODUCT_BUNDLE_IDENTIFIER = "com.ogulcan.TabiaTests";
				PRODUCT_NAME = "$(TARGET_NAME)";
				SWIFT_EMIT_LOC_STRINGS = NO;
				SWIFT_VERSION = 5.0;
				TEST_HOST = "$(BUILT_PRODUCTS_DIR)/Tabia.app/$(BUNDLE_EXECUTABLE_FOLDER_PATH)/Tabia";
			};
			name = Release;
		};
		9B2F80E82F28DFBF008DD79D /* Debug */ = {
			isa = XCBuildConfiguration;
			buildSettings = {
				CODE_SIGN_STYLE = Automatic;
				CURRENT_PROJECT_VERSION = 1;
				DEVELOPMENT_TEAM = 4NRG5R2K23;
				GENERATE_INFOPLIST_FILE = YES;
				MARKETING_VERSION = 1.0;
				PRODUCT_BUNDLE_IDENTIFIER = "com.ogulcan.TabiaUITests";
				PRODUCT_NAME = "$(TARGET_NAME)";
				SWIFT_EMIT_LOC_STRINGS = NO;
				SWIFT_VERSION = 5.0;
				TEST_TARGET_NAME = Tabia;
			};
			name = Debug;
		};
		9B2F80E92F28DFBF008DD79D /* Release */ = {
			isa = XCBuildConfiguration;
			buildSettings = {
				CODE_SIGN_STYLE = Automatic;
				CURRENT_PROJECT_VERSION = 1;
				DEVELOPMENT_TEAM = 4NRG5R2K23;
				GENERATE_INFOPLIST_FILE = YES;
				MARKETING_VERSION = 1.0;
				PRODUCT_BUNDLE_IDENTIFIER = "com.ogulcan.TabiaUITests";
				PRODUCT_NAME = "$(TARGET_NAME)";
				SWIFT_EMIT_LOC_STRINGS = NO;
				SWIFT_VERSION = 5.0;
				TEST_TARGET_NAME = Tabia;
			};
			name = Release;
		};
/* End XCBuildConfiguration section */

/* Begin XCConfigurationList section */
		9B2F80BA2F28DFBD008DD79D /* Build configuration list for PBXProject "Tabia" */ = {
			isa = XCConfigurationList;
			buildConfigurations = (
				9B2F80DF2F28DFBF008DD79D /* Debug */,
				9B2F80E02F28DFBF008DD79D /* Release */,
			);
			defaultConfigurationIsVisible = 0;
			defaultConfigurationName = Release;
		};
		9B2F80E12F28DFBF008DD79D /* Build configuration list for PBXNativeTarget "Tabia" */ = {
			isa = XCConfigurationList;
			buildConfigurations = (
				9B2F80E22F28DFBF008DD79D /* Debug */,
				9B2F80E32F28DFBF008DD79D /* Release */,
			);
			defaultConfigurationIsVisible = 0;
			defaultConfigurationName = Release;
		};
		9B2F80E42F28DFBF008DD79D /* Build configuration list for PBXNativeTarget "TabiaTests" */ = {
			isa = XCConfigurationList;
			buildConfigurations = (
				9B2F80E52F28DFBF008DD79D /* Debug */,
				9B2F80E62F28DFBF008DD79D /* Release */,
			);
			defaultConfigurationIsVisible = 0;
			defaultConfigurationName = Release;
		};
		9B2F80E72F28DFBF008DD79D /* Build configuration list for PBXNativeTarget "TabiaUITests" */ = {
			isa = XCConfigurationList;
			buildConfigurations = (
				9B2F80E82F28DFBF008DD79D /* Debug */,
				9B2F80E92F28DFBF008DD79D /* Release */,
			);
			defaultConfigurationIsVisible = 0;
			defaultConfigurationName = Release;
		};
/* End XCConfigurationList section */

/* Begin XCRemoteSwiftPackageReference section */
		9B2F80F02F28F000008DD79D /* XCRemoteSwiftPackageReference "onnxruntime-swift-package-manager" */ = {
			isa = XCRemoteSwiftPackageReference;
			repositoryURL = "https://github.com/microsoft/onnxruntime-swift-package-manager.git";
			requirement = {
				kind = upToNextMajorVersion;
				minimumVersion = 1.16.0;
			};
		};
		FE0000000000000000000A01 /* XCRemoteSwiftPackageReference "Sparkle" */ = {
			isa = XCRemoteSwiftPackageReference;
			repositoryURL = "https://github.com/sparkle-project/Sparkle";
			requirement = {
				kind = upToNextMajorVersion;
				minimumVersion = 2.6.0;
			};
		};
/* End XCRemoteSwiftPackageReference section */

/* Begin XCSwiftPackageProductDependency section */
		9B2F80F12F28F000008DD79D /* onnxruntime */ = {
			isa = XCSwiftPackageProductDependency;
			package = 9B2F80F02F28F000008DD79D /* XCRemoteSwiftPackageReference "onnxruntime-swift-package-manager" */;
			productName = onnxruntime;
		};
		FE0000000000000000000A02 /* Sparkle */ = {
			isa = XCSwiftPackageProductDependency;
			package = FE0000000000000000000A01 /* XCRemoteSwiftPackageReference "Sparkle" */;
			productName = Sparkle;
		};
/* End XCSwiftPackageProductDependency section */
	};
	rootObject = 9B2F80B72F28DFBD008DD79D /* Project object */;
}
